
Microsoft Visual Studio Solution File, Format Version 12.00
# Visual Studio Version 17
VisualStudioVersion = 17.12.35506.116 d17.12
MinimumVisualStudioVersion = 10.0.40219.1
Project("{FAE04EC0-301F-11D3-BF4B-00C04F79EFBC}") = "InformationSystemSecurity", "InformationSystemSecurity\InformationSystemSecurity.csproj", "{B99B4A22-8B72-4CE9-AB2F-8EDCE2B5C965}"
EndProject
Project("{FAE04EC0-301F-11D3-BF4B-00C04F79EFBC}") = "InformationSystemSecurity.Tests", "InformationSystemSecurity.Tests\InformationSystemSecurity.Tests.csproj", "{93F87AF9-706D-417B-81F3-59094F59C84E}"
EndProject
Global
	GlobalSection(SolutionConfigurationPlatforms) = preSolution
		Debug|Any CPU = Debug|Any CPU
		Release|Any CPU = Release|Any CPU
	EndGlobalSection
	GlobalSection(ProjectConfigurationPlatforms) = postSolution
		{B99B4A22-8B72-4CE9-AB2F-8EDCE2B5C965}.Debug|Any CPU.ActiveCfg = Debug|Any CPU
		{B99B4A22-8B72-4CE9-AB2F-8EDCE2B5C965}.Debug|Any CPU.Build.0 = Debug|Any CPU
		{B99B4A22-8B72-4CE9-AB2F-8EDCE2B5C965}.Release|Any CPU.ActiveCfg = Release|Any CPU
		{B99B4A22-8B72-4CE9-AB2F-8EDCE2B5C965}.Release|Any CPU.Build.0 = Release|Any CPU
		{93F87AF9-706D-417B-81F3-59094F59C84E}.Debug|Any CPU.ActiveCfg = Debug|Any CPU
		{93F87AF9-706D-417B-81F3-59094F59C84E}.Debug|Any CPU.Build.0 = Debug|Any CPU
		{93F87AF9-706D-417B-81F3-59094F59C84E}.Release|Any CPU.ActiveCfg = Release|Any CPU
		{93F87AF9-706D-417B-81F3-59094F59C84E}.Release|Any CPU.Build.0 = Release|Any CPU
	EndGlobalSection
	GlobalSection(SolutionProperties) = preSolution
		HideSolutionNode = FALSE
	EndGlobalSection
EndGlobal
